// !$*UTF8*$!
{
	archiveVersion = 1;
	classes = {
	};
	objectVersion = 55;
	objects = {

/* Begin PBXBuildFile section */
		5DA17F9128805BDC00C0B6A5 /* SafariView.swift in Sources */ = {isa = PBXBuildFile; fileRef = 5DA17F9028805BDC00C0B6A5 /* SafariView.swift */; };
		5DA17F93288069B800C0B6A5 /* ErrorHomeView.swift in Sources */ = {isa = PBXBuildFile; fileRef = 5DA17F92288069B800C0B6A5 /* ErrorHomeView.swift */; };
		5DCC0285288018C50056A63A /* ServicesOfVkApp.swift in Sources */ = {isa = PBXBuildFile; fileRef = 5DCC0284288018C50056A63A /* ServicesOfVkApp.swift */; };
		5DCC0287288018C50056A63A /* HomeView.swift in Sources */ = {isa = PBXBuildFile; fileRef = 5DCC0286288018C50056A63A /* HomeView.swift */; };
		5DCC0289288018C70056A63A /* Assets.xcassets in Resources */ = {isa = PBXBuildFile; fileRef = 5DCC0288288018C70056A63A /* Assets.xcassets */; };
		5DCC028C288018C70056A63A /* Preview Assets.xcassets in Resources */ = {isa = PBXBuildFile; fileRef = 5DCC028B288018C70056A63A /* Preview Assets.xcassets */; };
		5DCC029328801F1D0056A63A /* Service.swift in Sources */ = {isa = PBXBuildFile; fileRef = 5DCC029228801F1D0056A63A /* Service.swift */; };
		5DCC0295288028EC0056A63A /* RowOfServiceView.swift in Sources */ = {isa = PBXBuildFile; fileRef = 5DCC0294288028EC0056A63A /* RowOfServiceView.swift */; };
		5DCC0297288029CD0056A63A /* ListOfServicesView.swift in Sources */ = {isa = PBXBuildFile; fileRef = 5DCC0296288029CD0056A63A /* ListOfServicesView.swift */; };
		5DCC029B288042A00056A63A /* ServicesAppViewModel.swift in Sources */ = {isa = PBXBuildFile; fileRef = 5DCC029A288042A00056A63A /* ServicesAppViewModel.swift */; };
/* End PBXBuildFile section */

/* Begin PBXFileReference section */
		5DA17F9028805BDC00C0B6A5 /* SafariView.swift */ = {isa = PBXFileReference; lastKnownFileType = sourcecode.swift; path = SafariView.swift; sourceTree = "<group>"; };
		5DA17F92288069B800C0B6A5 /* ErrorHomeView.swift */ = {isa = PBXFileReference; lastKnownFileType = sourcecode.swift; path = ErrorHomeView.swift; sourceTree = "<group>"; };
		5DCC0281288018C50056A63A /* ServicesOfVk.app */ = {isa = PBXFileReference; explicitFileType = wrapper.application; includeInIndex = 0; path = ServicesOfVk.app; sourceTree = BUILT_PRODUCTS_DIR; };
		5DCC0284288018C50056A63A /* ServicesOfVkApp.swift */ = {isa = PBXFileReference; lastKnownFileType = sourcecode.swift; path = ServicesOfVkApp.swift; sourceTree = "<group>"; };
		5DCC0286288018C50056A63A /* HomeView.swift */ = {isa = PBXFileReference; lastKnownFileType = sourcecode.swift; path = HomeView.swift; sourceTree = "<group>"; };
		5DCC0288288018C70056A63A /* Assets.xcassets */ = {isa = PBXFileReference; lastKnownFileType = folder.assetcatalog; path = Assets.xcassets; sourceTree = "<group>"; };
		5DCC028B288018C70056A63A /* Preview Assets.xcassets */ = {isa = PBXFileReference; lastKnownFileType = folder.assetcatalog; path = "Preview Assets.xcassets"; sourceTree = "<group>"; };
		5DCC029228801F1D0056A63A /* Service.swift */ = {isa = PBXFileReference; lastKnownFileType = sourcecode.swift; path = Service.swift; sourceTree = "<group>"; };
		5DCC0294288028EC0056A63A /* RowOfServiceView.swift */ = {isa = PBXFileReference; lastKnownFileType = sourcecode.swift; path = RowOfServiceView.swift; sourceTree = "<group>"; };
		5DCC0296288029CD0056A63A /* ListOfServicesView.swift */ = {isa = PBXFileReference; lastKnownFileType = sourcecode.swift; path = ListOfServicesView.swift; sourceTree = "<group>"; };
		5DCC029A288042A00056A63A /* ServicesAppViewModel.swift */ = {isa = PBXFileReference; lastKnownFileType = sourcecode.swift; path = ServicesAppViewModel.swift; sourceTree = "<group>"; };
/* End PBXFileReference section */

/* Begin PBXFrameworksBuildPhase section */
		5DCC027E288018C50056A63A /* Frameworks */ = {
			isa = PBXFrameworksBuildPhase;
			buildActionMask = 2147483647;
			files = (
			);
			runOnlyForDeploymentPostprocessing = 0;
		};
/* End PBXFrameworksBuildPhase section */

/* Begin PBXGroup section */
		5DCC0278288018C50056A63A = {
			isa = PBXGroup;
			children = (
				5DCC0283288018C50056A63A /* ServicesOfVk */,
				5DCC0282288018C50056A63A /* Products */,
			);
			sourceTree = "<group>";
		};
		5DCC0282288018C50056A63A /* Products */ = {
			isa = PBXGroup;
			children = (
				5DCC0281288018C50056A63A /* ServicesOfVk.app */,
			);
			name = Products;
			sourceTree = "<group>";
		};
		5DCC0283288018C50056A63A /* ServicesOfVk */ = {
			isa = PBXGroup;
			children = (
				5DCC0284288018C50056A63A /* ServicesOfVkApp.swift */,
				5DCC029C288046400056A63A /* ViewModel */,
				5DCC0298288037B20056A63A /* View */,
				5DCC0299288037C90056A63A /* Model */,
				5DCC0288288018C70056A63A /* Assets.xcassets */,
				5DCC028A288018C70056A63A /* Preview Content */,
			);
			path = ServicesOfVk;
			sourceTree = "<group>";
		};
		5DCC028A288018C70056A63A /* Preview Content */ = {
			isa = PBXGroup;
			children = (
				5DCC028B288018C70056A63A /* Preview Assets.xcassets */,
			);
			path = "Preview Content";
			sourceTree = "<group>";
		};
		5DCC0298288037B20056A63A /* View */ = {
			isa = PBXGroup;
			children = (
				5DCC0286288018C50056A63A /* HomeView.swift */,
				5DCC0296288029CD0056A63A /* ListOfServicesView.swift */,
				5DA17F9028805BDC00C0B6A5 /* SafariView.swift */,
				5DA17F92288069B800C0B6A5 /* ErrorHomeView.swift */,
				5DCC0294288028EC0056A63A /* RowOfServiceView.swift */,
			);
			path = View;
			sourceTree = "<group>";
		};
		5DCC0299288037C90056A63A /* Model */ = {
			isa = PBXGroup;
			children = (
				5DCC029228801F1D0056A63A /* Service.swift */,
			);
			path = Model;
			sourceTree = "<group>";
		};
		5DCC029C288046400056A63A /* ViewModel */ = {
			isa = PBXGroup;
			children = (
				5DCC029A288042A00056A63A /* ServicesAppViewModel.swift */,
			);
			path = ViewModel;
			sourceTree = "<group>";
		};
/* End PBXGroup section */

/* Begin PBXNativeTarget section */
		5DCC0280288018C50056A63A /* ServicesOfVk */ = {
			isa = PBXNativeTarget;
			buildConfigurationList = 5DCC028F288018C70056A63A /* Build configuration list for PBXNativeTarget "ServicesOfVk" */;
			buildPhases = (
				5DCC027D288018C50056A63A /* Sources */,
				5DCC027E288018C50056A63A /* Frameworks */,
				5DCC027F288018C50056A63A /* Resources */,
			);
			buildRules = (
			);
			dependencies = (
			);
			name = ServicesOfVk;
			productName = ServicesOfVk;
			productReference = 5DCC0281288018C50056A63A /* ServicesOfVk.app */;
			productType = "com.apple.product-type.application";
		};
/* End PBXNativeTarget section */

/* Begin PBXProject section */
		5DCC0279288018C50056A63A /* Project object */ = {
			isa = PBXProject;
			attributes = {
				BuildIndependentTargetsInParallel = 1;
				LastSwiftUpdateCheck = 1330;
				LastUpgradeCheck = 1330;
				TargetAttributes = {
					5DCC0280288018C50056A63A = {
						CreatedOnToolsVersion = 13.3;
					};
				};
			};
			buildConfigurationList = 5DCC027C288018C50056A63A /* Build configuration list for PBXProject "ServicesOfVk" */;
			compatibilityVersion = "Xcode 13.0";
			developmentRegion = en;
			hasScannedForEncodings = 0;
			knownRegions = (
				en,
				Base,
			);
			mainGroup = 5DCC0278288018C50056A63A;
			productRefGroup = 5DCC0282288018C50056A63A /* Products */;
			projectDirPath = "";
			projectRoot = "";
			targets = (
				5DCC0280288018C50056A63A /* ServicesOfVk */,
			);
		};
/* End PBXProject section */

/* Begin PBXResourcesBuildPhase section */
		5DCC027F288018C50056A63A /* Resources */ = {
			isa = PBXResourcesBuildPhase;
			buildActionMask = 2147483647;
			files = (
				5DCC028C288018C70056A63A /* Preview Assets.xcassets in Resources */,
				5DCC0289288018C70056A63A /* Assets.xcassets in Resources */,
			);
			runOnlyForDeploymentPostprocessing = 0;
		};
/* End PBXResourcesBuildPhase section */

/* Begin PBXSourcesBuildPhase section */
		5DCC027D288018C50056A63A /* Sources */ = {
			isa = PBXSourcesBuildPhase;
			buildActionMask = 2147483647;
			files = (
				5DCC0287288018C50056A63A /* HomeView.swift in Sources */,
				5DCC0285288018C50056A63A /* ServicesOfVkApp.swift in Sources */,
				5DCC029328801F1D0056A63A /* Service.swift in Sources */,
				5DCC0295288028EC0056A63A /* RowOfServiceView.swift in Sources */,
				5DA17F93288069B800C0B6A5 /* ErrorHomeView.swift in Sources */,
				5DCC029B288042A00056A63A /* ServicesAppViewModel.swift in Sources */,
				5DCC0297288029CD0056A63A /* ListOfServicesView.swift in Sources */,
				5DA17F9128805BDC00C0B6A5 /* SafariView.swift in Sources */,
			);
			runOnlyForDeploymentPostprocessing = 0;
		};
/* End PBXSourcesBuildPhase section */

/* Begin XCBuildConfiguration section */
		5DCC028D288018C70056A63A /* Debug */ = {
			isa = XCBuildConfiguration;
			buildSettings = {
				ALWAYS_SEARCH_USER_PATHS = NO;
				CLANG_ANALYZER_NONNULL = YES;
				CLANG_ANALYZER_NUMBER_OBJECT_CONVERSION = YES_AGGRESSIVE;
				CLANG_CXX_LANGUAGE_STANDARD = "gnu++17";
				CLANG_ENABLE_MODULES = YES;
				CLANG_ENABLE_OBJC_ARC = YES;
				CLANG_ENABLE_OBJC_WEAK = YES;
				CLANG_WARN_BLOCK_CAPTURE_AUTORELEASING = YES;
				CLANG_WARN_BOOL_CONVERSION = YES;
				CLANG_WARN_COMMA = YES;
				CLANG_WARN_CONSTANT_CONVERSION = YES;
				CLANG_WARN_DEPRECATED_OBJC_IMPLEMENTATIONS = YES;
				CLANG_WARN_DIRECT_OBJC_ISA_USAGE = YES_ERROR;
				CLANG_WARN_DOCUMENTATION_COMMENTS = YES;
				CLANG_WARN_EMPTY_BODY = YES;
				CLANG_WARN_ENUM_CONVERSION = YES;
				CLANG_WARN_INFINITE_RECURSION = YES;
				CLANG_WARN_INT_CONVERSION = YES;
				CLANG_WARN_NON_LITERAL_NULL_CONVERSION = YES;
				CLANG_WARN_OBJC_IMPLICIT_RETAIN_SELF = YES;
				CLANG_WARN_OBJC_LITERAL_CONVERSION = YES;
				CLANG_WARN_OBJC_ROOT_CLASS = YES_ERROR;
				CLANG_WARN_QUOTED_INCLUDE_IN_FRAMEWORK_HEADER = YES;
				CLANG_WARN_RANGE_LOOP_ANALYSIS = YES;
				CLANG_WARN_STRICT_PROTOTYPES = YES;
				CLANG_WARN_SUSPICIOUS_MOVE = YES;
				CLANG_WARN_UNGUARDED_AVAILABILITY = YES_AGGRESSIVE;
				CLANG_WARN_UNREACHABLE_CODE = YES;
				CLANG_WARN__DUPLICATE_METHOD_MATCH = YES;
				COPY_PHASE_STRIP = NO;
				DEBUG_INFORMATION_FORMAT = dwarf;
				ENABLE_STRICT_OBJC_MSGSEND = YES;
				ENABLE_TESTABILITY = YES;
				GCC_C_LANGUAGE_STANDARD = gnu11;
				GCC_DYNAMIC_NO_PIC = NO;
				GCC_NO_COMMON_BLOCKS = YES;
				GCC_OPTIMIZATION_LEVEL = 0;
				GCC_PREPROCESSOR_DEFINITIONS = (
					"DEBUG=1",
					"$(inherited)",
				);
				GCC_WARN_64_TO_32_BIT_CONVERSION = YES;
				GCC_WARN_ABOUT_RETURN_TYPE = YES_ERROR;
				GCC_WARN_UNDECLARED_SELECTOR = YES;
				GCC_WARN_UNINITIALIZED_AUTOS = YES_AGGRESSIVE;
				GCC_WARN_UNUSED_FUNCTION = YES;
				GCC_WARN_UNUSED_VARIABLE = YES;
				IPHONEOS_DEPLOYMENT_TARGET = 15.4;
				MTL_ENABLE_DEBUG_INFO = INCLUDE_SOURCE;
				MTL_FAST_MATH = YES;
				ONLY_ACTIVE_ARCH = YES;
				SDKROOT = iphoneos;
				SWIFT_ACTIVE_COMPILATION_CONDITIONS = DEBUG;
				SWIFT_OPTIMIZATION_LEVEL = "-Onone";
			};
			name = Debug;
		};
		5DCC028E288018C70056A63A /* Release */ = {
			isa = XCBuildConfiguration;
			buildSettings = {
				ALWAYS_SEARCH_USER_PATHS = NO;
				CLANG_ANALYZER_NONNULL = YES;
				CLANG_ANALYZER_NUMBER_OBJECT_CONVERSION = YES_AGGRESSIVE;
				CLANG_CXX_LANGUAGE_STANDARD = "gnu++17";
				CLANG_ENABLE_MODULES = YES;
				CLANG_ENABLE_OBJC_ARC = YES;
				CLANG_ENABLE_OBJC_WEAK = YES;
				CLANG_WARN_BLOCK_CAPTURE_AUTORELEASING = YES;
				CLANG_WARN_BOOL_CONVERSION = YES;
				CLANG_WARN_COMMA = YES;
				CLANG_WARN_CONSTANT_CONVERSION = YES;
				CLANG_WARN_DEPRECATED_OBJC_IMPLEMENTATIONS = YES;
				CLANG_WARN_DIRECT_OBJC_ISA_USAGE = YES_ERROR;
				CLANG_WARN_DOCUMENTATION_COMMENTS = YES;
				CLANG_WARN_EMPTY_BODY = YES;
				CLANG_WARN_ENUM_CONVERSION = YES;
				CLANG_WARN_INFINITE_RECURSION = YES;
				CLANG_WARN_INT_CONVERSION = YES;
				CLANG_WARN_NON_LITERAL_NULL_CONVERSION = YES;
				CLANG_WARN_OBJC_IMPLICIT_RETAIN_SELF = YES;
				CLANG_WARN_OBJC_LITERAL_CONVERSION = YES;
				CLANG_WARN_OBJC_ROOT_CLASS = YES_ERROR;
				CLANG_WARN_QUOTED_INCLUDE_IN_FRAMEWORK_HEADER = YES;
				CLANG_WARN_RANGE_LOOP_ANALYSIS = YES;
				CLANG_WARN_STRICT_PROTOTYPES = YES;
				CLANG_WARN_SUSPICIOUS_MOVE = YES;
				CLANG_WARN_UNGUARDED_AVAILABILITY = YES_AGGRESSIVE;
				CLANG_WARN_UNREACHABLE_CODE = YES;
				CLANG_WARN__DUPLICATE_METHOD_MATCH = YES;
				COPY_PHASE_STRIP = NO;
				DEBUG_INFORMATION_FORMAT = "dwarf-with-dsym";
				ENABLE_NS_ASSERTIONS = NO;
				ENABLE_STRICT_OBJC_MSGSEND = YES;
				GCC_C_LANGUAGE_STANDARD = gnu11;
				GCC_NO_COMMON_BLOCKS = YES;
				GCC_WARN_64_TO_32_BIT_CONVERSION = YES;
				GCC_WARN_ABOUT_RETURN_TYPE = YES_ERROR;
				GCC_WARN_UNDECLARED_SELECTOR = YES;
				GCC_WARN_UNINITIALIZED_AUTOS = YES_AGGRESSIVE;
				GCC_WARN_UNUSED_FUNCTION = YES;
				GCC_WARN_UNUSED_VARIABLE = YES;
				IPHONEOS_DEPLOYMENT_TARGET = 15.4;
				MTL_ENABLE_DEBUG_INFO = NO;
				MTL_FAST_MATH = YES;
				SDKROOT = iphoneos;
				SWIFT_COMPILATION_MODE = wholemodule;
				SWIFT_OPTIMIZATION_LEVEL = "-O";
				VALIDATE_PRODUCT = YES;
			};
			name = Release;
		};
		5DCC0290288018C70056A63A /* Debug */ = {
			isa = XCBuildConfiguration;
			buildSettings = {
				ASSETCATALOG_COMPILER_APPICON_NAME = AppIcon;
				ASSETCATALOG_COMPILER_GLOBAL_ACCENT_COLOR_NAME = AccentColor;
				CODE_SIGN_STYLE = Automatic;
				CURRENT_PROJECT_VERSION = 1;
				DEVELOPMENT_ASSET_PATHS = "\"ServicesOfVk/Preview Content\"";
				DEVELOPMENT_TEAM = 894H53NVRQ;
				ENABLE_PREVIEWS = YES;
				GENERATE_INFOPLIST_FILE = YES;
				INFOPLIST_KEY_UIApplicationSceneManifest_Generation = YES;
				INFOPLIST_KEY_UIApplicationSupportsIndirectInputEvents = YES;
				INFOPLIST_KEY_UILaunchScreen_Generation = YES;
				INFOPLIST_KEY_UISupportedInterfaceOrientations_iPad = "UIInterfaceOrientationPortrait UIInterfaceOrientationPortraitUpsideDown UIInterfaceOrientationLandscapeLeft UIInterfaceOrientationLandscapeRight";
				INFOPLIST_KEY_UISupportedInterfaceOrientations_iPhone = "UIInterfaceOrientationPortrait UIInterfaceOrientationLandscapeLeft UIInterfaceOrientationLandscapeRight";
				LD_RUNPATH_SEARCH_PATHS = (
					"$(inherited)",
					"@executable_path/Frameworks",
				);
				MARKETING_VERSION = 1.0;
				PRODUCT_BUNDLE_IDENTIFIER = Taranov.ServicesOfVk;
				PRODUCT_NAME = "$(TARGET_NAME)";
				SWIFT_EMIT_LOC_STRINGS = YES;
				SWIFT_VERSION = 5.0;
				TARGETED_DEVICE_FAMILY = "1,2";
			};
			name = Debug;
		};
		5DCC0291288018C70056A63A /* Release */ = {
			isa = XCBuildConfiguration;
			buildSettings = {
				ASSETCATALOG_COMPILER_APPICON_NAME = AppIcon;
				ASSETCATALOG_COMPILER_GLOBAL_ACCENT_COLOR_NAME = AccentColor;
				CODE_SIGN_STYLE = Automatic;
				CURRENT_PROJECT_VERSION = 1;
				DEVELOPMENT_ASSET_PATHS = "\"ServicesOfVk/Preview Content\"";
				DEVELOPMENT_TEAM = 894H53NVRQ;
				ENABLE_PREVIEWS = YES;
				GENERATE_INFOPLIST_FILE = YES;
				INFOPLIST_KEY_UIApplicationSceneManifest_Generation = YES;
				INFOPLIST_KEY_UIApplicationSupportsIndirectInputEvents = YES;
				INFOPLIST_KEY_UILaunchScreen_Generation = YES;
				INFOPLIST_KEY_UISupportedInterfaceOrientations_iPad = "UIInterfaceOrientationPortrait UIInterfaceOrientationPortraitUpsideDown UIInterfaceOrientationLandscapeLeft UIInterfaceOrientationLandscapeRight";
				INFOPLIST_KEY_UISupportedInterfaceOrientations_iPhone = "UIInterfaceOrientationPortrait UIInterfaceOrientationLandscapeLeft UIInterfaceOrientationLandscapeRight";
				LD_RUNPATH_SEARCH_PATHS = (
					"$(inherited)",
					"@executable_path/Frameworks",
				);
				MARKETING_VERSION = 1.0;
				PRODUCT_BUNDLE_IDENTIFIER = Taranov.ServicesOfVk;
				PRODUCT_NAME = "$(TARGET_NAME)";
				SWIFT_EMIT_LOC_STRINGS = YES;
				SWIFT_VERSION = 5.0;
				TARGETED_DEVICE_FAMILY = "1,2";
			};
			name = Release;
		};
/* End XCBuildConfiguration section */

/* Begin XCConfigurationList section */
		5DCC027C288018C50056A63A /* Build configuration list for PBXProject "ServicesOfVk" */ = {
			isa = XCConfigurationList;
			buildConfigurations = (
				5DCC028D288018C70056A63A /* Debug */,
				5DCC028E288018C70056A63A /* Release */,
			);
			defaultConfigurationIsVisible = 0;
			defaultConfigurationName = Release;
		};
		5DCC028F288018C70056A63A /* Build configuration list for PBXNativeTarget "ServicesOfVk" */ = {
			isa = XCConfigurationList;
			buildConfigurations = (
				5DCC0290288018C70056A63A /* Debug */,
				5DCC0291288018C70056A63A /* Release */,
			);
			defaultConfigurationIsVisible = 0;
			defaultConfigurationName = Release;
		};
/* End XCConfigurationList section */
	};
	rootObject = 5DCC0279288018C50056A63A /* Project object */;
}
